
Microsoft Visual Studio Solution File, Format Version 12.00
# Visual Studio Version 17
VisualStudioVersion = 17.14.36616.10 d17.14
MinimumVisualStudioVersion = 10.0.40219.1
Project("{FAE04EC0-301F-11D3-BF4B-00C04F79EFBC}") = "RadioPlayer", "RadioPlayer.csproj", "{75312ED6-73FE-B7A1-F278-713788DFD6AB}"
EndProject
Global
	GlobalSection(SolutionConfigurationPlatforms) = preSolution
		Debug|Any CPU = Debug|Any CPU
		Release|Any CPU = Release|Any CPU
	EndGlobalSection
	GlobalSection(ProjectConfigurationPlatforms) = postSolution
		{75312ED6-73FE-B7A1-F278-713788DFD6AB}.Debug|Any CPU.ActiveCfg = Debug|Any CPU
		{75312ED6-73FE-B7A1-F278-713788DFD6AB}.Debug|Any CPU.Build.0 = Debug|Any CPU
		{75312ED6-73FE-B7A1-F278-713788DFD6AB}.Release|Any CPU.ActiveCfg = Release|Any CPU
		{75312ED6-73FE-B7A1-F278-713788DFD6AB}.Release|Any CPU.Build.0 = Release|Any CPU
	EndGlobalSection
	GlobalSection(SolutionProperties) = preSolution
		HideSolutionNode = FALSE
	EndGlobalSection
	GlobalSection(ExtensibilityGlobals) = postSolution
		SolutionGuid = {EEF1CA7D-DF17-4788-9282-5AFB84E05D39}
	EndGlobalSection
EndGlobal
